// !$*UTF8*$!
{
	archiveVersion = 1;
	classes = {
	};
	objectVersion = 46;
	objects = {

/* Begin PBXBuildFile section */
		442183D21BAFF976005B4BEB /* main.cpp in Sources */ = {isa = PBXBuildFile; fileRef = 442183D11BAFF976005B4BEB /* main.cpp */; };
		442183DA1BAFF9C9005B4BEB /* RSMatrixMultiplyer.cpp in Sources */ = {isa = PBXBuildFile; fileRef = 442183D81BAFF9C9005B4BEB /* RSMatrixMultiplyer.cpp */; settings = {ASSET_TAGS = (); }; };
/* End PBXBuildFile section */

/* Begin PBXCopyFilesBuildPhase section */
		442183CC1BAFF976005B4BEB /* CopyFiles */ = {
			isa = PBXCopyFilesBuildPhase;
			buildActionMask = 2147483647;
			dstPath = /usr/share/man/man1/;
			dstSubfolderSpec = 0;
			files = (
			);
			runOnlyForDeploymentPostprocessing = 1;
		};
/* End PBXCopyFilesBuildPhase section */

/* Begin PBXFileReference section */
		442183CE1BAFF976005B4BEB /* BlockMatrix */ = {isa = PBXFileReference; explicitFileType = "compiled.mach-o.executable"; includeInIndex = 0; path = BlockMatrix; sourceTree = BUILT_PRODUCTS_DIR; };
		442183D11BAFF976005B4BEB /* main.cpp */ = {isa = PBXFileReference; lastKnownFileType = sourcecode.cpp.cpp; path = main.cpp; sourceTree = "<group>"; };
		442183D81BAFF9C9005B4BEB /* RSMatrixMultiplyer.cpp */ = {isa = PBXFileReference; fileEncoding = 4; lastKnownFileType = sourcecode.cpp.cpp; path = RSMatrixMultiplyer.cpp; sourceTree = "<group>"; };
		442183D91BAFF9C9005B4BEB /* RSMatrixMultiplyer.hpp */ = {isa = PBXFileReference; fileEncoding = 4; lastKnownFileType = sourcecode.cpp.h; path = RSMatrixMultiplyer.hpp; sourceTree = "<group>"; };
/* End PBXFileReference section */

/* Begin PBXFrameworksBuildPhase section */
		442183CB1BAFF976005B4BEB /* Frameworks */ = {
			isa = PBXFrameworksBuildPhase;
			buildActionMask = 2147483647;
			files = (
			);
			runOnlyForDeploymentPostprocessing = 0;
		};
/* End PBXFrameworksBuildPhase section */

/* Begin PBXGroup section */
		442183C51BAFF975005B4BEB = {
			isa = PBXGroup;
			children = (
				442183D01BAFF976005B4BEB /* BlockMatrix */,
				442183CF1BAFF976005B4BEB /* Products */,
			);
			sourceTree = "<group>";
		};
		442183CF1BAFF976005B4BEB /* Products */ = {
			isa = PBXGroup;
			children = (
				442183CE1BAFF976005B4BEB /* BlockMatrix */,
			);
			name = Products;
			sourceTree = "<group>";
		};
		442183D01BAFF976005B4BEB /* BlockMatrix */ = {
			isa = PBXGroup;
			children = (
				442183D11BAFF976005B4BEB /* main.cpp */,
				442183D91BAFF9C9005B4BEB /* RSMatrixMultiplyer.hpp */,
				442183D81BAFF9C9005B4BEB /* RSMatrixMultiplyer.cpp */,
			);
			path = BlockMatrix;
			sourceTree = "<group>";
		};
/* End PBXGroup section */

/* Begin PBXNativeTarget section */
		442183CD1BAFF976005B4BEB /* BlockMatrix */ = {
			isa = PBXNativeTarget;
			buildConfigurationList = 442183D51BAFF976005B4BEB /* Build configuration list for PBXNativeTarget "BlockMatrix" */;
			buildPhases = (
				442183CA1BAFF976005B4BEB /* Sources */,
				442183CB1BAFF976005B4BEB /* Frameworks */,
				442183CC1BAFF976005B4BEB /* CopyFiles */,
			);
			buildRules = (
			);
			dependencies = (
			);
			name = BlockMatrix;
			productName = BlockMatrix;
			productReference = 442183CE1BAFF976005B4BEB /* BlockMatrix */;
			productType = "com.apple.product-type.tool";
		};
/* End PBXNativeTarget section */

/* Begin PBXProject section */
		442183C61BAFF975005B4BEB /* Project object */ = {
			isa = PBXProject;
			attributes = {
				LastUpgradeCheck = 0700;
				ORGANIZATIONNAME = MIPT;
				TargetAttributes = {
					442183CD1BAFF976005B4BEB = {
						CreatedOnToolsVersion = 7.0;
					};
				};
			};
			buildConfigurationList = 442183C91BAFF975005B4BEB /* Build configuration list for PBXProject "BlockMatrix" */;
			compatibilityVersion = "Xcode 3.2";
			developmentRegion = English;
			hasScannedForEncodings = 0;
			knownRegions = (
				en,
			);
			mainGroup = 442183C51BAFF975005B4BEB;
			productRefGroup = 442183CF1BAFF976005B4BEB /* Products */;
			projectDirPath = "";
			projectRoot = "";
			targets = (
				442183CD1BAFF976005B4BEB /* BlockMatrix */,
			);
		};
/* End PBXProject section */

/* Begin PBXSourcesBuildPhase section */
		442183CA1BAFF976005B4BEB /* Sources */ = {
			isa = PBXSourcesBuildPhase;
			buildActionMask = 2147483647;
			files = (
				442183DA1BAFF9C9005B4BEB /* RSMatrixMultiplyer.cpp in Sources */,
				442183D21BAFF976005B4BEB /* main.cpp in Sources */,
			);
			runOnlyForDeploymentPostprocessing = 0;
		};
/* End PBXSourcesBuildPhase section */

/* Begin XCBuildConfiguration section */
		442183D31BAFF976005B4BEB /* Debug */ = {
			isa = XCBuildConfiguration;
			buildSettings = {
				ALWAYS_SEARCH_USER_PATHS = NO;
				CLANG_CXX_LANGUAGE_STANDARD = "gnu++0x";
				CLANG_CXX_LIBRARY = "libc++";
				CLANG_ENABLE_MODULES = YES;
				CLANG_ENABLE_OBJC_ARC = YES;
				CLANG_WARN_BOOL_CONVERSION = YES;
				CLANG_WARN_CONSTANT_CONVERSION = YES;
				CLANG_WARN_DIRECT_OBJC_ISA_USAGE = YES_ERROR;
				CLANG_WARN_EMPTY_BODY = YES;
				CLANG_WARN_ENUM_CONVERSION = YES;
				CLANG_WARN_INT_CONVERSION = YES;
				CLANG_WARN_OBJC_ROOT_CLASS = YES_ERROR;
				CLANG_WARN_UNREACHABLE_CODE = YES;
				CLANG_WARN__DUPLICATE_METHOD_MATCH = YES;
				COPY_PHASE_STRIP = NO;
				DEBUG_INFORMATION_FORMAT = dwarf;
				ENABLE_STRICT_OBJC_MSGSEND = YES;
				ENABLE_TESTABILITY = YES;
				GCC_C_LANGUAGE_STANDARD = gnu99;
				GCC_DYNAMIC_NO_PIC = NO;
				GCC_NO_COMMON_BLOCKS = YES;
				GCC_OPTIMIZATION_LEVEL = 0;
				GCC_PREPROCESSOR_DEFINITIONS = (
					"DEBUG=1",
					"$(inherited)",
				);
				GCC_WARN_64_TO_32_BIT_CONVERSION = YES;
				GCC_WARN_ABOUT_RETURN_TYPE = YES_ERROR;
				GCC_WARN_UNDECLARED_SELECTOR = YES;
				GCC_WARN_UNINITIALIZED_AUTOS = YES_AGGRESSIVE;
				GCC_WARN_UNUSED_FUNCTION = YES;
				GCC_WARN_UNUSED_VARIABLE = YES;
				MACOSX_DEPLOYMENT_TARGET = 10.10;
				MTL_ENABLE_DEBUG_INFO = YES;
				ONLY_ACTIVE_ARCH = YES;
				SDKROOT = macosx;
			};
			name = Debug;
		};
		442183D41BAFF976005B4BEB /* Release */ = {
			isa = XCBuildConfiguration;
			buildSettings = {
				ALWAYS_SEARCH_USER_PATHS = NO;
				CLANG_CXX_LANGUAGE_STANDARD = "gnu++0x";
				CLANG_CXX_LIBRARY = "libc++";
				CLANG_ENABLE_MODULES = YES;
				CLANG_ENABLE_OBJC_ARC = YES;
				CLANG_WARN_BOOL_CONVERSION = YES;
				CLANG_WARN_CONSTANT_CONVERSION = YES;
				CLANG_WARN_DIRECT_OBJC_ISA_USAGE = YES_ERROR;
				CLANG_WARN_EMPTY_BODY = YES;
				CLANG_WARN_ENUM_CONVERSION = YES;
				CLANG_WARN_INT_CONVERSION = YES;
				CLANG_WARN_OBJC_ROOT_CLASS = YES_ERROR;
				CLANG_WARN_UNREACHABLE_CODE = YES;
				CLANG_WARN__DUPLICATE_METHOD_MATCH = YES;
				COPY_PHASE_STRIP = NO;
				DEBUG_INFORMATION_FORMAT = "dwarf-with-dsym";
				ENABLE_NS_ASSERTIONS = NO;
				ENABLE_STRICT_OBJC_MSGSEND = YES;
				GCC_C_LANGUAGE_STANDARD = gnu99;
				GCC_NO_COMMON_BLOCKS = YES;
				GCC_WARN_64_TO_32_BIT_CONVERSION = YES;
				GCC_WARN_ABOUT_RETURN_TYPE = YES_ERROR;
				GCC_WARN_UNDECLARED_SELECTOR = YES;
				GCC_WARN_UNINITIALIZED_AUTOS = YES_AGGRESSIVE;
				GCC_WARN_UNUSED_FUNCTION = YES;
				GCC_WARN_UNUSED_VARIABLE = YES;
				MACOSX_DEPLOYMENT_TARGET = 10.10;
				MTL_ENABLE_DEBUG_INFO = NO;
				SDKROOT = macosx;
			};
			name = Release;
		};
		442183D61BAFF976005B4BEB /* Debug */ = {
			isa = XCBuildConfiguration;
			buildSettings = {
				PRODUCT_NAME = "$(TARGET_NAME)";
			};
			name = Debug;
		};
		442183D71BAFF976005B4BEB /* Release */ = {
			isa = XCBuildConfiguration;
			buildSettings = {
				PRODUCT_NAME = "$(TARGET_NAME)";
			};
			name = Release;
		};
/* End XCBuildConfiguration section */

/* Begin XCConfigurationList section */
		442183C91BAFF975005B4BEB /* Build configuration list for PBXProject "BlockMatrix" */ = {
			isa = XCConfigurationList;
			buildConfigurations = (
				442183D31BAFF976005B4BEB /* Debug */,
				442183D41BAFF976005B4BEB /* Release */,
			);
			defaultConfigurationIsVisible = 0;
			defaultConfigurationName = Release;
		};
		442183D51BAFF976005B4BEB /* Build configuration list for PBXNativeTarget "BlockMatrix" */ = {
			isa = XCConfigurationList;
			buildConfigurations = (
				442183D61BAFF976005B4BEB /* Debug */,
				442183D71BAFF976005B4BEB /* Release */,
			);
			defaultConfigurationIsVisible = 0;
		};
/* End XCConfigurationList section */
	};
	rootObject = 442183C61BAFF975005B4BEB /* Project object */;
}
